
Microsoft Visual Studio Solution File, Format Version 12.00
# Visual Studio Version 16
VisualStudioVersion = 16.0.29509.3
MinimumVisualStudioVersion = 10.0.40219.1
Project("{FAE04EC0-301F-11D3-BF4B-00C04F79EFBC}") = "MyMusicConsole", "MyMusicConsole\MyMusicConsole.csproj", "{08E1BBB8-BE24-4DF8-83D2-01CF32B61D6B}"
EndProject
Project("{FAE04EC0-301F-11D3-BF4B-00C04F79EFBC}") = "MyMusicBusiness", "MyMusicBusiness\MyMusicBusiness.csproj", "{BDDD36AD-6649-49BB-8BB7-AC1E241B349E}"
EndProject
Project("{FAE04EC0-301F-11D3-BF4B-00C04F79EFBC}") = "MyMusicGUI", "MyMusicGUI\MyMusicGUI.csproj", "{8D77A7B5-2596-44E2-8F50-BD60566F9A5C}"
EndProject
Project("{FAE04EC0-301F-11D3-BF4B-00C04F79EFBC}") = "MyMusicPersistence", "MyMusicPersistence\MyMusicPersistence.csproj", "{5BC2C7E4-06B7-457A-8F5B-F554FDA093D7}"
EndProject
Global
	GlobalSection(SolutionConfigurationPlatforms) = preSolution
		Debug|Any CPU = Debug|Any CPU
		Release|Any CPU = Release|Any CPU
	EndGlobalSection
	GlobalSection(ProjectConfigurationPlatforms) = postSolution
		{08E1BBB8-BE24-4DF8-83D2-01CF32B61D6B}.Debug|Any CPU.ActiveCfg = Debug|Any CPU
		{08E1BBB8-BE24-4DF8-83D2-01CF32B61D6B}.Debug|Any CPU.Build.0 = Debug|Any CPU
		{08E1BBB8-BE24-4DF8-83D2-01CF32B61D6B}.Release|Any CPU.ActiveCfg = Release|Any CPU
		{08E1BBB8-BE24-4DF8-83D2-01CF32B61D6B}.Release|Any CPU.Build.0 = Release|Any CPU
		{BDDD36AD-6649-49BB-8BB7-AC1E241B349E}.Debug|Any CPU.ActiveCfg = Debug|Any CPU
		{BDDD36AD-6649-49BB-8BB7-AC1E241B349E}.Debug|Any CPU.Build.0 = Debug|Any CPU
		{BDDD36AD-6649-49BB-8BB7-AC1E241B349E}.Release|Any CPU.ActiveCfg = Release|Any CPU
		{BDDD36AD-6649-49BB-8BB7-AC1E241B349E}.Release|Any CPU.Build.0 = Release|Any CPU
		{8D77A7B5-2596-44E2-8F50-BD60566F9A5C}.Debug|Any CPU.ActiveCfg = Debug|Any CPU
		{8D77A7B5-2596-44E2-8F50-BD60566F9A5C}.Debug|Any CPU.Build.0 = Debug|Any CPU
		{8D77A7B5-2596-44E2-8F50-BD60566F9A5C}.Release|Any CPU.ActiveCfg = Release|Any CPU
		{8D77A7B5-2596-44E2-8F50-BD60566F9A5C}.Release|Any CPU.Build.0 = Release|Any CPU
		{5BC2C7E4-06B7-457A-8F5B-F554FDA093D7}.Debug|Any CPU.ActiveCfg = Debug|Any CPU
		{5BC2C7E4-06B7-457A-8F5B-F554FDA093D7}.Debug|Any CPU.Build.0 = Debug|Any CPU
		{5BC2C7E4-06B7-457A-8F5B-F554FDA093D7}.Release|Any CPU.ActiveCfg = Release|Any CPU
		{5BC2C7E4-06B7-457A-8F5B-F554FDA093D7}.Release|Any CPU.Build.0 = Release|Any CPU
	EndGlobalSection
	GlobalSection(SolutionProperties) = preSolution
		HideSolutionNode = FALSE
	EndGlobalSection
	GlobalSection(ExtensibilityGlobals) = postSolution
		SolutionGuid = {E156EC60-BDD7-458C-97CA-17AD84E0989B}
	EndGlobalSection
EndGlobal
